github.com/davecgh/go-spew v1.1.1 h1:vj9j/u1bqnvCEfJOwUhtlOARqs3+rkHYY13jYWTU97c=
github.com/davecgh/go-spew v1.1.1/go.mod h1:J7Y8YcW2NihsgmVo/mv3lAwl/skON4iLHjSsI+c5H38=
github.com/google/go-cmp v0.6.0 h1:ofyhxvXcZhMsU5ulbFiLKl/XBFqE1GSq7atu8tAmTRI=
github.com/google/go-cmp v0.6.0/go.mod h1:17dUlkBOakJ0+DkrSSNjCkIjxS6bF9zb3elmeNGIjoY=
github.com/google/uuid v1.6.0 h1:NIvaJDMOsjHA8n1jAhLSgzrAzy1Hgr+hNrb57e+94F0=
github.com/google/uuid v1.6.0/go.mod h1:TIyPZe4MgqvfeYDBFedMoGGpEw/LqOeaOT+nhxU+yHo=
github.com/gosnmp/gosnmp v1.38.0 h1:I5ZOMR8kb0DXAFg/88ACurnuwGwYkXWq3eLpJPHMEYc=
github.com/gosnmp/gosnmp v1.38.0/go.mod h1:FE+PEZvKrFz9afP9ii1W3cprXuVZ17ypCcyyfYuu5LY=
github.com/pmezard/go-difflib v1.0.0 h1:4DBwDE0NGyQoBHbLQYPwSUPoCMWR5BEzIk/f1lZbAQM=
github.com/pmezard/go-difflib v1.0.0/go.mod h1:iKH77koFhYxTK1pcRnkKkqfTogsbg7gZNVY4sRDYZ/4=
github.com/saichler/k8s_observer v0.0.0-20250311162719-a736e04077a0 h1:FbCZkASklRg3t3eKCqbUq5qeAaf8KyOMccZR5197YGo=
github.com/saichler/k8s_observer v0.0.0-20250311162719-a736e04077a0/go.mod h1:sYcm3i61f1ZrCykFcgtFfmGmk3cClhEreP47+4IEPMc=
github.com/saichler/layer8/go v0.0.0-20250311154413-9be22e22d6d6 h1:XEkkRdVKrC3OLSyLkTQ0mQk8dSnRssExhvDZ2uKOycE=
github.com/saichler/layer8/go v0.0.0-20250311154413-9be22e22d6d6/go.mod h1:cIpx+EhWmA5btJ0ye7JNzU91zfAxYD5nKxYWmCPcXMs=
github.com/saichler/reflect/go v0.0.0-20250311152441-9c37ea245c71 h1:LZ0YiW1P+6jSryno8P+89bz2SIHHeB0rLRgx2rmPPQE=
github.com/saichler/reflect/go v0.0.0-20250311152441-9c37ea245c71/go.mod h1:I1Jvscm2gp253R+rwSrKPXNmcLXfcyF2yZ6Wqp7ZSD8=
github.com/saichler/serializer/go v0.0.0-20250311152638-3c8c9bb73d5a h1:Txaa/PEONF8oYesTFl+4Ng5oPdTPdIjYsUcrMALd4Rg=
github.com/saichler/serializer/go v0.0.0-20250311152638-3c8c9bb73d5a/go.mod h1:KkSoTeMGJyXOUI/OeCTLcOAw2UqFfBFf6ISqgwjdwCg=
github.com/saichler/servicepoints/go v0.0.0-20250311154036-4ab2dd585b8c h1:VM5pWU50MAcaPcq2Qn/vX6YXDPs3uhcGK0dA1saEUAs=
github.com/saichler/servicepoints/go v0.0.0-20250311154036-4ab2dd585b8c/go.mod h1:vem4e/Z44CNMrqB4slxHSPO9Uvw8EvM3XvgGYoLBNN0=
github.com/saichler/shared/go v0.0.0-20250311150336-efdbbd093705 h1:cyzkWti0Hc9o3CQ0pZ00fDm3fgrp59DJNj4ir5fR9R8=
github.com/saichler/shared/go v0.0.0-20250311150336-efdbbd093705/go.mod h1:/KCgWdWEbgdeNGfurhC7HojVQTQ6+xtyR+H6zukakQU=
github.com/saichler/types/go v0.0.0-20250311042520-c7da563806c5 h1:7qWA7GGm2lHjtYxhcGWyFfbJSZUd0Bql6Z7GAlPGWy4=
github.com/saichler/types/go v0.0.0-20250311042520-c7da563806c5/go.mod h1:VXMfoEKBR24gtmrpXM8fbOoleMax4m6ppGfitba9BjA=
github.com/stretchr/testify v1.9.0 h1:HtqpIVDClZ4nwg75+f6Lvsy/wHu+3BoSGCbBAcpTsTg=
github.com/stretchr/testify v1.9.0/go.mod h1:r2ic/lqez/lEtzL7wO/rwa5dbSLXVDPFyf8C91i36aY=
golang.org/x/crypto v0.35.0 h1:b15kiHdrGCHrP6LvwaQ3c03kgNhhiMgvlhxHQhmg2Xs=
golang.org/x/crypto v0.35.0/go.mod h1:dy7dXNW32cAb/6/PRuTNsix8T+vJAqvuIy5Bli/x0YQ=
golang.org/x/sys v0.30.0 h1:QjkSwP/36a20jFYWkSue1YwXzLmsV5Gfq7Eiy72C1uc=
golang.org/x/sys v0.30.0/go.mod h1:/VUhepiaJMQUp4+oa/7Zr1D23ma6VTLIYjOOTFZPUcA=
golang.org/x/term v0.29.0 h1:L6pJp37ocefwRRtYPKSWOWzOtWSxVajvz2ldH/xi3iU=
golang.org/x/term v0.29.0/go.mod h1:6bl4lRlvVuDgSf3179VpIxBF0o10JUpXWOnI7nErv7s=
google.golang.org/protobuf v1.36.5 h1:tPhr+woSbjfYvY6/GPufUoYizxw1cF/yFoxJ2fmpwlM=
google.golang.org/protobuf v1.36.5/go.mod h1:9fA7Ob0pmnwhb644+1+CVWFRbNajQ6iRojtC/QF5bRE=
gopkg.in/yaml.v3 v3.0.1 h1:fxVm/GzAzEWqLHuvctI91KS9hhNmmWOoWu0XTYJS7CA=
gopkg.in/yaml.v3 v3.0.1/go.mod h1:K4uyk7z7BCEPqu6E+C64Yfv1cQ7kz7rIZviUmN+EgEM=
