github.com/davecgh/go-spew v1.1.1 h1:vj9j/u1bqnvCEfJOwUhtlOARqs3+rkHYY13jYWTU97c=
github.com/davecgh/go-spew v1.1.1/go.mod h1:J7Y8YcW2NihsgmVo/mv3lAwl/skON4iLHjSsI+c5H38=
github.com/google/go-cmp v0.7.0 h1:wk8382ETsv4JYUZwIsn6YpYiWiBsYLSJiTsyBybVuN8=
github.com/google/go-cmp v0.7.0/go.mod h1:pXiqmnSA92OHEEa9HXL2W4E7lf9JzCmGVUdgjX3N/iU=
github.com/google/uuid v1.6.0 h1:NIvaJDMOsjHA8n1jAhLSgzrAzy1Hgr+hNrb57e+94F0=
github.com/google/uuid v1.6.0/go.mod h1:TIyPZe4MgqvfeYDBFedMoGGpEw/LqOeaOT+nhxU+yHo=
github.com/gosnmp/gosnmp v1.39.0 h1:mPJtSWFLkEemo2bz4fdNztZIFHYG86MC6c6veocq0ZE=
github.com/gosnmp/gosnmp v1.39.0/go.mod h1:CxVS6bXqmWZlafUj9pZUnQX5e4fAltqPcijxWpCitDo=
github.com/pmezard/go-difflib v1.0.0 h1:4DBwDE0NGyQoBHbLQYPwSUPoCMWR5BEzIk/f1lZbAQM=
github.com/pmezard/go-difflib v1.0.0/go.mod h1:iKH77koFhYxTK1pcRnkKkqfTogsbg7gZNVY4sRDYZ/4=
github.com/saichler/gsql v0.0.0-20250404155731-6cdddc4a6fcb h1:n6Lo5hi0FAOBrh7/7wrzWIUpXmqZkY2M3wPkH6YtWJE=
github.com/saichler/gsql v0.0.0-20250404155731-6cdddc4a6fcb/go.mod h1:SXxnyFmB74ojmqqiqqh9FBppJZeE/zLEn+85V+qO9Ik=
github.com/saichler/l8test v0.0.0-20250410134117-8b286ad81d8c h1:aZyQ8JzXu/cvU6nAaz/AYQx1UBDd66Jqei/4yWqBKFk=
github.com/saichler/l8test v0.0.0-20250410134117-8b286ad81d8c/go.mod h1:C4B8Zpv0L/Di/qB0lOWHOXF3r3Pz/6Oabu730TthWsc=
github.com/saichler/layer8 v0.0.0-20250409145156-819f8f57943a h1:RWtlxr+V/BiKvgUelPG6sHc6pKIoJppn2yvwQaVjShs=
github.com/saichler/layer8 v0.0.0-20250409145156-819f8f57943a/go.mod h1:MGf/M+PjUV1JYEu6Cbi1XT+Rb8zQ3YWPWCz447SeTio=
github.com/saichler/probler v0.0.0-20250409192834-a0f0f9edad43 h1:6cLDWd7VxGcjkgJPV6kmJ8eGmeASkj5izCPYrTCm6xs=
github.com/saichler/probler v0.0.0-20250409192834-a0f0f9edad43/go.mod h1:3SmozVci2+FIzlQkm7PuXcUxfG8Qjc+Nml1/0AJPQrc=
github.com/saichler/reflect v0.0.0-20250409143305-178f5c019dcd h1:3w4m37XoL+p25KsdVSNsJs4TD5XmPdWKzxt/VNRUa9w=
github.com/saichler/reflect v0.0.0-20250409143305-178f5c019dcd/go.mod h1:i81Zz9kp1G4AR6fYqkA9rWCkIm2zCgxH+9CLj9Uty1o=
github.com/saichler/serializer v0.0.0-20250409173259-0fe904e19055 h1:VrW1QS0knoW5OthAEIQDUGGavQ/vyDaVIybF9V5P6d4=
github.com/saichler/serializer v0.0.0-20250409173259-0fe904e19055/go.mod h1:6BWzYGURD7mauHWwwguxGZ3S26j24ArTKvDElw7Ls4c=
github.com/saichler/servicepoints v0.0.0-20250409024502-ed15daef4c93 h1:/C0oohA1TvpG4oPi15ZrDoGO+IqslCziSCI3DGBzBtc=
github.com/saichler/servicepoints v0.0.0-20250409024502-ed15daef4c93/go.mod h1:e9JdbystNNB9x7ZRVm8G3iK/ydzhUt7Rz37T7MtVXyE=
github.com/saichler/shared v0.0.0-20250405113010-2d5a47c0ec01 h1:6ZC/sloJkxSCLS9QhV5cHpuZGZ6Q3rYtSbFKyYsyagc=
github.com/saichler/shared v0.0.0-20250405113010-2d5a47c0ec01/go.mod h1:yBp1tpeQX9rrzO4xdyegQnb8BskKPAAjGasYHBcz3Cg=
github.com/saichler/types v0.0.0-20250409200718-759c653577c7 h1:72WcYMgevwxazRHTgsCPCSebnMQfmvSalwLI9NQkm2c=
github.com/saichler/types v0.0.0-20250409200718-759c653577c7/go.mod h1:ekyXMYn3c9NIYd4ddFNUmLQewxi6RRlwhlgdb9iPonk=
github.com/stretchr/testify v1.10.0 h1:Xv5erBjTwe/5IxqUQTdXv5kgmIvbHo3QQyRwhJsOfJA=
github.com/stretchr/testify v1.10.0/go.mod h1:r2ic/lqez/lEtzL7wO/rwa5dbSLXVDPFyf8C91i36aY=
golang.org/x/crypto v0.37.0 h1:kJNSjF/Xp7kU0iB2Z+9viTPMW4EqqsrywMXLJOOsXSE=
golang.org/x/crypto v0.37.0/go.mod h1:vg+k43peMZ0pUMhYmVAWysMK35e6ioLh3wB8ZCAfbVc=
golang.org/x/sys v0.32.0 h1:s77OFDvIQeibCmezSnk/q6iAfkdiQaJi4VzroCFrN20=
golang.org/x/sys v0.32.0/go.mod h1:BJP2sWEmIv4KK5OTEluFJCKSidICx8ciO85XgH3Ak8k=
golang.org/x/term v0.31.0 h1:erwDkOK1Msy6offm1mOgvspSkslFnIGsFnxOKoufg3o=
golang.org/x/term v0.31.0/go.mod h1:R4BeIy7D95HzImkxGkTW1UQTtP54tio2RyHz7PwK0aw=
google.golang.org/protobuf v1.36.6 h1:z1NpPI8ku2WgiWnf+t9wTPsn6eP1L7ksHUlkfLvd9xY=
google.golang.org/protobuf v1.36.6/go.mod h1:jduwjTPXsFjZGTmRluh+L6NjiWu7pchiJ2/5YcXBHnY=
gopkg.in/yaml.v3 v3.0.1 h1:fxVm/GzAzEWqLHuvctI91KS9hhNmmWOoWu0XTYJS7CA=
gopkg.in/yaml.v3 v3.0.1/go.mod h1:K4uyk7z7BCEPqu6E+C64Yfv1cQ7kz7rIZviUmN+EgEM=
